
Microsoft Visual Studio Solution File, Format Version 12.00
# Visual Studio Version 17
VisualStudioVersion = 17.14.36310.24 d17.14
MinimumVisualStudioVersion = 10.0.40219.1
Project("{FAE04EC0-301F-11D3-BF4B-00C04F79EFBC}") = "GoldPro.Api", "GoldPro.Api\GoldPro.Api.csproj", "{B10CA5BA-7897-4429-9672-7BD0E0678502}"
EndProject
Project("{FAE04EC0-301F-11D3-BF4B-00C04F79EFBC}") = "GoldPro.Application", "GoldPro.Application\GoldPro.Application.csproj", "{6ECED963-D909-4474-BF4A-3280D54DCE0D}"
EndProject
Project("{FAE04EC0-301F-11D3-BF4B-00C04F79EFBC}") = "GoldPro.Domain", "GoldPro.Domain\GoldPro.Domain.csproj", "{841C8A2B-C137-4508-B257-E42BDA3E2E76}"
EndProject
Project("{FAE04EC0-301F-11D3-BF4B-00C04F79EFBC}") = "GoldPro.Infrastructure", "GoldPro.Infrastructure\GoldPro.Infrastructure.csproj", "{9B9B1BF9-87CB-42D9-B0F9-BE4AA5E53472}"
EndProject
Project("{FAE04EC0-301F-11D3-BF4B-00C04F79EFBC}") = "GoldPro.Shared", "GoldPro.Shared\GoldPro.Shared.csproj", "{4F973BC5-D7B7-491C-B0E0-E04D87E1D7B6}"
EndProject
Global
	GlobalSection(SolutionConfigurationPlatforms) = preSolution
		Debug|Any CPU = Debug|Any CPU
		Release|Any CPU = Release|Any CPU
	EndGlobalSection
	GlobalSection(ProjectConfigurationPlatforms) = postSolution
		{B10CA5BA-7897-4429-9672-7BD0E0678502}.Debug|Any CPU.ActiveCfg = Debug|Any CPU
		{B10CA5BA-7897-4429-9672-7BD0E0678502}.Debug|Any CPU.Build.0 = Debug|Any CPU
		{B10CA5BA-7897-4429-9672-7BD0E0678502}.Release|Any CPU.ActiveCfg = Release|Any CPU
		{B10CA5BA-7897-4429-9672-7BD0E0678502}.Release|Any CPU.Build.0 = Release|Any CPU
		{6ECED963-D909-4474-BF4A-3280D54DCE0D}.Debug|Any CPU.ActiveCfg = Debug|Any CPU
		{6ECED963-D909-4474-BF4A-3280D54DCE0D}.Debug|Any CPU.Build.0 = Debug|Any CPU
		{6ECED963-D909-4474-BF4A-3280D54DCE0D}.Release|Any CPU.ActiveCfg = Release|Any CPU
		{6ECED963-D909-4474-BF4A-3280D54DCE0D}.Release|Any CPU.Build.0 = Release|Any CPU
		{841C8A2B-C137-4508-B257-E42BDA3E2E76}.Debug|Any CPU.ActiveCfg = Debug|Any CPU
		{841C8A2B-C137-4508-B257-E42BDA3E2E76}.Debug|Any CPU.Build.0 = Debug|Any CPU
		{841C8A2B-C137-4508-B257-E42BDA3E2E76}.Release|Any CPU.ActiveCfg = Release|Any CPU
		{841C8A2B-C137-4508-B257-E42BDA3E2E76}.Release|Any CPU.Build.0 = Release|Any CPU
		{9B9B1BF9-87CB-42D9-B0F9-BE4AA5E53472}.Debug|Any CPU.ActiveCfg = Debug|Any CPU
		{9B9B1BF9-87CB-42D9-B0F9-BE4AA5E53472}.Debug|Any CPU.Build.0 = Debug|Any CPU
		{9B9B1BF9-87CB-42D9-B0F9-BE4AA5E53472}.Release|Any CPU.ActiveCfg = Release|Any CPU
		{9B9B1BF9-87CB-42D9-B0F9-BE4AA5E53472}.Release|Any CPU.Build.0 = Release|Any CPU
		{4F973BC5-D7B7-491C-B0E0-E04D87E1D7B6}.Debug|Any CPU.ActiveCfg = Debug|Any CPU
		{4F973BC5-D7B7-491C-B0E0-E04D87E1D7B6}.Debug|Any CPU.Build.0 = Debug|Any CPU
		{4F973BC5-D7B7-491C-B0E0-E04D87E1D7B6}.Release|Any CPU.ActiveCfg = Release|Any CPU
		{4F973BC5-D7B7-491C-B0E0-E04D87E1D7B6}.Release|Any CPU.Build.0 = Release|Any CPU
	EndGlobalSection
	GlobalSection(SolutionProperties) = preSolution
		HideSolutionNode = FALSE
	EndGlobalSection
	GlobalSection(ExtensibilityGlobals) = postSolution
		SolutionGuid = {0D36A9B5-448A-4279-AD68-CB256600E6E9}
	EndGlobalSection
EndGlobal
